// !$*UTF8*$!
{
    archiveVersion = 1;
    classes = {
    };
    objectVersion = 56;
    objects = {

/* Begin PBXBuildFile section */
        907C90B6C3FC41D3BD6805DC /* RootView.swift in Sources */ = {isa = PBXBuildFile; fileRef = 9A341A8C111642A88D63DFCE /* RootView.swift */; };
        9BFD57D1751044168C2995E5 /* AniListModels.swift in Sources */ = {isa = PBXBuildFile; fileRef = 3939CA9CF8D34682B9B38613 /* AniListModels.swift */; };
        0E6FDD3430AB49AD93A742CE /* SoraModels.swift in Sources */ = {isa = PBXBuildFile; fileRef = 23990273959D42FC8972F718 /* SoraModels.swift */; };
        4E0D657F549645C7AC9B0F33 /* AniListAuthService.swift in Sources */ = {isa = PBXBuildFile; fileRef = A32DB384C51C4C8DA6932FDF /* AniListAuthService.swift */; };
        68963C571C3D4D9AB76B699F /* AniListClient.swift in Sources */ = {isa = PBXBuildFile; fileRef = 7547B1AE6BB242649DB5AD36 /* AniListClient.swift */; };
        8DA3249012BF46A6B7160D44 /* AppServices.swift in Sources */ = {isa = PBXBuildFile; fileRef = 9FF0A759C3D5413893DAE95E /* AppServices.swift */; };
        393FF2FCB46C40FB84D554FE /* CacheService.swift in Sources */ = {isa = PBXBuildFile; fileRef = FE698B9B507846979CC74C54 /* CacheService.swift */; };
        8EFF09C338824605ACCB31A9 /* CacheStore.swift in Sources */ = {isa = PBXBuildFile; fileRef = 3F04A10B8688483CB4F06FC0 /* CacheStore.swift */; };
        DED571E46D044680B174B3E8 /* DownloadManager.swift in Sources */ = {isa = PBXBuildFile; fileRef = 822FE2CB55934802B300064F /* DownloadManager.swift */; };
        9D237FC1428D4E34B2987F11 /* EpisodeService.swift in Sources */ = {isa = PBXBuildFile; fileRef = 78252F1777AD49E4BDEBBA6D /* EpisodeService.swift */; };
        6D9DED15BE0644F9A5B5A108 /* KeychainService.swift in Sources */ = {isa = PBXBuildFile; fileRef = A2022D0A191B4DCDB3894B3C /* KeychainService.swift */; };
        DE083E18737A4958B4E3F998 /* Logging.swift in Sources */ = {isa = PBXBuildFile; fileRef = 286017740B854D0392E020C3 /* Logging.swift */; };
        3546725574D5431C8ECA1D13 /* PlaybackHistoryStore.swift in Sources */ = {isa = PBXBuildFile; fileRef = 422654C85D55429A9E1217D3 /* PlaybackHistoryStore.swift */; };
        812A33C634B44FDEA030A321 /* SoraRuntime.swift in Sources */ = {isa = PBXBuildFile; fileRef = A1327CBD7467494DA5047128 /* SoraRuntime.swift */; };
        C06FDF2635D7493B8A0F80C5 /* TitleMatcher.swift in Sources */ = {isa = PBXBuildFile; fileRef = C54694DED4404C13B410073E /* TitleMatcher.swift */; };
        02B1F48C23794DAD83AF464A /* TrackingSyncService.swift in Sources */ = {isa = PBXBuildFile; fileRef = 533D4729BDB5449EBF796786 /* TrackingSyncService.swift */; };
        EAD6E16FBB7249D882DAE4FD /* AppState.swift in Sources */ = {isa = PBXBuildFile; fileRef = 865A25EE5333415B9E56B7A9 /* AppState.swift */; };
        6540693D2ECC4BC2A1621529 /* AuthState.swift in Sources */ = {isa = PBXBuildFile; fileRef = D3AD8FA3B6F447F19FC943A9 /* AuthState.swift */; };
        2CE5AEAF8F9742F1A6EE8C93 /* SettingsState.swift in Sources */ = {isa = PBXBuildFile; fileRef = 59CB4BE0DE214E1FA6BF9021 /* SettingsState.swift */; };
        CBA237D8463C4438986397B0 /* Glass.swift in Sources */ = {isa = PBXBuildFile; fileRef = 526B44EA956348E3856E8194 /* Glass.swift */; };
        962355FFDC4047CF85FE4A45 /* RatingBadge.swift in Sources */ = {isa = PBXBuildFile; fileRef = 6B53EA15CC5040C3A5CEF135 /* RatingBadge.swift */; };
        781AF5408D444A48B1228AE5 /* Theme.swift in Sources */ = {isa = PBXBuildFile; fileRef = 4A6E2C949D6B4CBFB77AFC03 /* Theme.swift */; };
        C2672C9A2EB140F088E809A8 /* AlertsView.swift in Sources */ = {isa = PBXBuildFile; fileRef = 8303B6E359E84A078DCA274F /* AlertsView.swift */; };
        9AD6C635B6654848ADC0E9B6 /* DetailsView.swift in Sources */ = {isa = PBXBuildFile; fileRef = 6574AD30BE134C1481B6F88C /* DetailsView.swift */; };
        C2E79F08E61146E5AEB5830D /* DiscoveryView.swift in Sources */ = {isa = PBXBuildFile; fileRef = 781C12C2765F402A8CBF66C3 /* DiscoveryView.swift */; };
        A3BBFA33D3E34E749AD5341E /* DownloadsView.swift in Sources */ = {isa = PBXBuildFile; fileRef = 075AAC6D7B4D4CE3877C42E8 /* DownloadsView.swift */; };
        12C4E09A11C6486188B28142 /* LibraryView.swift in Sources */ = {isa = PBXBuildFile; fileRef = 08579549F9F241418E55AB3B /* LibraryView.swift */; };
        3DD854CA55FF466CAF6BB88C /* PlayerView.swift in Sources */ = {isa = PBXBuildFile; fileRef = 5C418D05B9B744788E0661B2 /* PlayerView.swift */; };
        66100134207B4997B2099781 /* SettingsView.swift in Sources */ = {isa = PBXBuildFile; fileRef = 27ADAF6C8FC8458697E92007 /* SettingsView.swift */; };
        B1A835EFFE7041D4A0C95B42 /* UnwatchedBadge.swift in Sources */ = {isa = PBXBuildFile; fileRef = 784D3D0E558445729F7C903A /* UnwatchedBadge.swift */; };
        500DB97F4EC0404393BF3323 /* KyomiruApp.swift in Sources */ = {isa = PBXBuildFile; fileRef = D0AE177D8E944BEF8D97935D /* KyomiruApp.swift */; };
        DCC1BF116B2544DC83E97CCD /* ContentView.swift in Sources */ = {isa = PBXBuildFile; fileRef = 658F8D8560054B62A842E0D3 /* ContentView.swift */; };
/* End PBXBuildFile section */

/* Begin PBXFileReference section */
        78AE41EABA974EF5A09CE91C /* Kyomiru.app */ = {isa = PBXFileReference; explicitFileType = wrapper.application; path = Kyomiru.app; sourceTree = BUILT_PRODUCTS_DIR; };
        9A341A8C111642A88D63DFCE /* RootView.swift */ = {isa = PBXFileReference; lastKnownFileType = sourcecode.swift; path = RootView.swift; sourceTree = "<group>"; };
        3939CA9CF8D34682B9B38613 /* AniListModels.swift */ = {isa = PBXFileReference; lastKnownFileType = sourcecode.swift; path = AniListModels.swift; sourceTree = "<group>"; };
        23990273959D42FC8972F718 /* SoraModels.swift */ = {isa = PBXFileReference; lastKnownFileType = sourcecode.swift; path = SoraModels.swift; sourceTree = "<group>"; };
        A32DB384C51C4C8DA6932FDF /* AniListAuthService.swift */ = {isa = PBXFileReference; lastKnownFileType = sourcecode.swift; path = AniListAuthService.swift; sourceTree = "<group>"; };
        7547B1AE6BB242649DB5AD36 /* AniListClient.swift */ = {isa = PBXFileReference; lastKnownFileType = sourcecode.swift; path = AniListClient.swift; sourceTree = "<group>"; };
        9FF0A759C3D5413893DAE95E /* AppServices.swift */ = {isa = PBXFileReference; lastKnownFileType = sourcecode.swift; path = AppServices.swift; sourceTree = "<group>"; };
        FE698B9B507846979CC74C54 /* CacheService.swift */ = {isa = PBXFileReference; lastKnownFileType = sourcecode.swift; path = CacheService.swift; sourceTree = "<group>"; };
        3F04A10B8688483CB4F06FC0 /* CacheStore.swift */ = {isa = PBXFileReference; lastKnownFileType = sourcecode.swift; path = CacheStore.swift; sourceTree = "<group>"; };
        822FE2CB55934802B300064F /* DownloadManager.swift */ = {isa = PBXFileReference; lastKnownFileType = sourcecode.swift; path = DownloadManager.swift; sourceTree = "<group>"; };
        78252F1777AD49E4BDEBBA6D /* EpisodeService.swift */ = {isa = PBXFileReference; lastKnownFileType = sourcecode.swift; path = EpisodeService.swift; sourceTree = "<group>"; };
        A2022D0A191B4DCDB3894B3C /* KeychainService.swift */ = {isa = PBXFileReference; lastKnownFileType = sourcecode.swift; path = KeychainService.swift; sourceTree = "<group>"; };
        286017740B854D0392E020C3 /* Logging.swift */ = {isa = PBXFileReference; lastKnownFileType = sourcecode.swift; path = Logging.swift; sourceTree = "<group>"; };
        422654C85D55429A9E1217D3 /* PlaybackHistoryStore.swift */ = {isa = PBXFileReference; lastKnownFileType = sourcecode.swift; path = PlaybackHistoryStore.swift; sourceTree = "<group>"; };
        A1327CBD7467494DA5047128 /* SoraRuntime.swift */ = {isa = PBXFileReference; lastKnownFileType = sourcecode.swift; path = SoraRuntime.swift; sourceTree = "<group>"; };
        C54694DED4404C13B410073E /* TitleMatcher.swift */ = {isa = PBXFileReference; lastKnownFileType = sourcecode.swift; path = TitleMatcher.swift; sourceTree = "<group>"; };
        533D4729BDB5449EBF796786 /* TrackingSyncService.swift */ = {isa = PBXFileReference; lastKnownFileType = sourcecode.swift; path = TrackingSyncService.swift; sourceTree = "<group>"; };
        865A25EE5333415B9E56B7A9 /* AppState.swift */ = {isa = PBXFileReference; lastKnownFileType = sourcecode.swift; path = AppState.swift; sourceTree = "<group>"; };
        D3AD8FA3B6F447F19FC943A9 /* AuthState.swift */ = {isa = PBXFileReference; lastKnownFileType = sourcecode.swift; path = AuthState.swift; sourceTree = "<group>"; };
        59CB4BE0DE214E1FA6BF9021 /* SettingsState.swift */ = {isa = PBXFileReference; lastKnownFileType = sourcecode.swift; path = SettingsState.swift; sourceTree = "<group>"; };
        526B44EA956348E3856E8194 /* Glass.swift */ = {isa = PBXFileReference; lastKnownFileType = sourcecode.swift; path = Glass.swift; sourceTree = "<group>"; };
        6B53EA15CC5040C3A5CEF135 /* RatingBadge.swift */ = {isa = PBXFileReference; lastKnownFileType = sourcecode.swift; path = RatingBadge.swift; sourceTree = "<group>"; };
        4A6E2C949D6B4CBFB77AFC03 /* Theme.swift */ = {isa = PBXFileReference; lastKnownFileType = sourcecode.swift; path = Theme.swift; sourceTree = "<group>"; };
        8303B6E359E84A078DCA274F /* AlertsView.swift */ = {isa = PBXFileReference; lastKnownFileType = sourcecode.swift; path = AlertsView.swift; sourceTree = "<group>"; };
        6574AD30BE134C1481B6F88C /* DetailsView.swift */ = {isa = PBXFileReference; lastKnownFileType = sourcecode.swift; path = DetailsView.swift; sourceTree = "<group>"; };
        781C12C2765F402A8CBF66C3 /* DiscoveryView.swift */ = {isa = PBXFileReference; lastKnownFileType = sourcecode.swift; path = DiscoveryView.swift; sourceTree = "<group>"; };
        075AAC6D7B4D4CE3877C42E8 /* DownloadsView.swift */ = {isa = PBXFileReference; lastKnownFileType = sourcecode.swift; path = DownloadsView.swift; sourceTree = "<group>"; };
        08579549F9F241418E55AB3B /* LibraryView.swift */ = {isa = PBXFileReference; lastKnownFileType = sourcecode.swift; path = LibraryView.swift; sourceTree = "<group>"; };
        5C418D05B9B744788E0661B2 /* PlayerView.swift */ = {isa = PBXFileReference; lastKnownFileType = sourcecode.swift; path = PlayerView.swift; sourceTree = "<group>"; };
        27ADAF6C8FC8458697E92007 /* SettingsView.swift */ = {isa = PBXFileReference; lastKnownFileType = sourcecode.swift; path = SettingsView.swift; sourceTree = "<group>"; };
        784D3D0E558445729F7C903A /* UnwatchedBadge.swift */ = {isa = PBXFileReference; lastKnownFileType = sourcecode.swift; path = UnwatchedBadge.swift; sourceTree = "<group>"; };
        D0AE177D8E944BEF8D97935D /* KyomiruApp.swift */ = {isa = PBXFileReference; lastKnownFileType = sourcecode.swift; path = KyomiruApp.swift; sourceTree = "<group>"; };
        658F8D8560054B62A842E0D3 /* ContentView.swift */ = {isa = PBXFileReference; lastKnownFileType = sourcecode.swift; path = ContentView.swift; sourceTree = "<group>"; };
        16CC7EF41DEE4A1A9CA38E4B /* Info.plist */ = {isa = PBXFileReference; lastKnownFileType = text.plist.xml; path = Info.plist; sourceTree = "<group>"; };
/* End PBXFileReference section */

/* Begin PBXFrameworksBuildPhase section */
        4325781FF67B492E99066EF1 /* Frameworks */ = {
            isa = PBXFrameworksBuildPhase;
            buildActionMask = 2147483647;
            files = (
            );
            runOnlyForDeploymentPostprocessing = 0;
        };
/* End PBXFrameworksBuildPhase section */

/* Begin PBXGroup section */
        794BCE46244545EDAE691807 = {
            isa = PBXGroup;
            children = (
                D868934D9F0E4F55AD6BFA32 /* App */,                 F88E77636BE44FAA8EEFD607 /* Models */,                 827983C15FF94D4EAFA10520 /* Services */,                 EF41E3C3520543C090F30917 /* State */,                 F9A1BD09CD6A4BDCA1F85D8E /* UI */,                 5A4D994B6F244AB1AB7BF4B7 /* Views */,                 1223F877D9E84610985032DC /* Sources */,                 A250CF1088124F7AA7A1FBD2 /* Resources */,                 78AE41EABA974EF5A09CE91C /* Kyomiru.app */,
            );
            sourceTree = "<group>";
        };
        D868934D9F0E4F55AD6BFA32 /* App */ = {
            isa = PBXGroup;
            children = (
                9A341A8C111642A88D63DFCE /* RootView.swift */,
            );
            path = App;
            sourceTree = "<group>";
        };        F88E77636BE44FAA8EEFD607 /* Models */ = {
            isa = PBXGroup;
            children = (
                3939CA9CF8D34682B9B38613 /* AniListModels.swift */,
                23990273959D42FC8972F718 /* SoraModels.swift */,
            );
            path = Models;
            sourceTree = "<group>";
        };        827983C15FF94D4EAFA10520 /* Services */ = {
            isa = PBXGroup;
            children = (
                A32DB384C51C4C8DA6932FDF /* AniListAuthService.swift */,
                7547B1AE6BB242649DB5AD36 /* AniListClient.swift */,
                9FF0A759C3D5413893DAE95E /* AppServices.swift */,
                FE698B9B507846979CC74C54 /* CacheService.swift */,
                3F04A10B8688483CB4F06FC0 /* CacheStore.swift */,
                822FE2CB55934802B300064F /* DownloadManager.swift */,
                78252F1777AD49E4BDEBBA6D /* EpisodeService.swift */,
                A2022D0A191B4DCDB3894B3C /* KeychainService.swift */,
                286017740B854D0392E020C3 /* Logging.swift */,
                422654C85D55429A9E1217D3 /* PlaybackHistoryStore.swift */,
                A1327CBD7467494DA5047128 /* SoraRuntime.swift */,
                C54694DED4404C13B410073E /* TitleMatcher.swift */,
                533D4729BDB5449EBF796786 /* TrackingSyncService.swift */,
            );
            path = Services;
            sourceTree = "<group>";
        };        EF41E3C3520543C090F30917 /* State */ = {
            isa = PBXGroup;
            children = (
                865A25EE5333415B9E56B7A9 /* AppState.swift */,
                D3AD8FA3B6F447F19FC943A9 /* AuthState.swift */,
                59CB4BE0DE214E1FA6BF9021 /* SettingsState.swift */,
            );
            path = State;
            sourceTree = "<group>";
        };        F9A1BD09CD6A4BDCA1F85D8E /* UI */ = {
            isa = PBXGroup;
            children = (
                526B44EA956348E3856E8194 /* Glass.swift */,
                6B53EA15CC5040C3A5CEF135 /* RatingBadge.swift */,
                4A6E2C949D6B4CBFB77AFC03 /* Theme.swift */,
            );
            path = UI;
            sourceTree = "<group>";
        };        5A4D994B6F244AB1AB7BF4B7 /* Views */ = {
            isa = PBXGroup;
            children = (
                8303B6E359E84A078DCA274F /* AlertsView.swift */,
                6574AD30BE134C1481B6F88C /* DetailsView.swift */,
                781C12C2765F402A8CBF66C3 /* DiscoveryView.swift */,
                075AAC6D7B4D4CE3877C42E8 /* DownloadsView.swift */,
                08579549F9F241418E55AB3B /* LibraryView.swift */,
                5C418D05B9B744788E0661B2 /* PlayerView.swift */,
                27ADAF6C8FC8458697E92007 /* SettingsView.swift */,
                784D3D0E558445729F7C903A /* UnwatchedBadge.swift */,
            );
            path = Views;
            sourceTree = "<group>";
        };        1223F877D9E84610985032DC /* Sources */ = {
            isa = PBXGroup;
            children = (
                D0AE177D8E944BEF8D97935D /* KyomiruApp.swift */,
                658F8D8560054B62A842E0D3 /* ContentView.swift */,
            );
            path = Sources;
            sourceTree = "<group>";
        };        A250CF1088124F7AA7A1FBD2 /* Resources */ = {
            isa = PBXGroup;
            children = (
                16CC7EF41DEE4A1A9CA38E4B /* Info.plist */,
            );
            path = Resources;
            sourceTree = "<group>";
        };
/* End PBXGroup section */

/* Begin PBXNativeTarget section */
        99656E59D98041E9B2A4547A /* Kyomiru */ = {
            isa = PBXNativeTarget;
            buildConfigurationList = E23C00B0F7C841929B580F4E /* Build configuration list for PBXNativeTarget "Kyomiru" */;
            buildPhases = (
                1BCA1FE188A441B79945C5A5 /* Sources */,
                4325781FF67B492E99066EF1 /* Frameworks */,
                782260ED662C4633A3A25300 /* Resources */,
            );
            buildRules = (
            );
            dependencies = (
            );
            name = Kyomiru;
            productName = Kyomiru;
            productReference = 78AE41EABA974EF5A09CE91C /* Kyomiru.app */;
            productType = "com.apple.product-type.application";
        };
/* End PBXNativeTarget section */

/* Begin PBXProject section */
        CEBA43CD5CED4B48B03BA7D5 /* Project object */ = {
            isa = PBXProject;
            buildConfigurationList = EF4A68132A2A450FBF15CDB3 /* Build configuration list for PBXProject "Kyomiru" */;
            compatibilityVersion = "Xcode 14.0";
            developmentRegion = en;
            hasScannedForEncodings = 0;
            mainGroup = 794BCE46244545EDAE691807;
            productRefGroup = 794BCE46244545EDAE691807;
            projectDirPath = "";
            projectRoot = "";
            targets = (
                99656E59D98041E9B2A4547A /* Kyomiru */,
            );
        };
/* End PBXProject section */

/* Begin PBXResourcesBuildPhase section */
        782260ED662C4633A3A25300 /* Resources */ = {
            isa = PBXResourcesBuildPhase;
            buildActionMask = 2147483647;
            files = (
            );
            runOnlyForDeploymentPostprocessing = 0;
        };
/* End PBXResourcesBuildPhase section */

/* Begin PBXSourcesBuildPhase section */
        1BCA1FE188A441B79945C5A5 /* Sources */ = {
            isa = PBXSourcesBuildPhase;
            buildActionMask = 2147483647;
            files = (
                907C90B6C3FC41D3BD6805DC /* RootView.swift in Sources */,
                9BFD57D1751044168C2995E5 /* AniListModels.swift in Sources */,
                0E6FDD3430AB49AD93A742CE /* SoraModels.swift in Sources */,
                4E0D657F549645C7AC9B0F33 /* AniListAuthService.swift in Sources */,
                68963C571C3D4D9AB76B699F /* AniListClient.swift in Sources */,
                8DA3249012BF46A6B7160D44 /* AppServices.swift in Sources */,
                393FF2FCB46C40FB84D554FE /* CacheService.swift in Sources */,
                8EFF09C338824605ACCB31A9 /* CacheStore.swift in Sources */,
                DED571E46D044680B174B3E8 /* DownloadManager.swift in Sources */,
                9D237FC1428D4E34B2987F11 /* EpisodeService.swift in Sources */,
                6D9DED15BE0644F9A5B5A108 /* KeychainService.swift in Sources */,
                DE083E18737A4958B4E3F998 /* Logging.swift in Sources */,
                3546725574D5431C8ECA1D13 /* PlaybackHistoryStore.swift in Sources */,
                812A33C634B44FDEA030A321 /* SoraRuntime.swift in Sources */,
                C06FDF2635D7493B8A0F80C5 /* TitleMatcher.swift in Sources */,
                02B1F48C23794DAD83AF464A /* TrackingSyncService.swift in Sources */,
                EAD6E16FBB7249D882DAE4FD /* AppState.swift in Sources */,
                6540693D2ECC4BC2A1621529 /* AuthState.swift in Sources */,
                2CE5AEAF8F9742F1A6EE8C93 /* SettingsState.swift in Sources */,
                CBA237D8463C4438986397B0 /* Glass.swift in Sources */,
                962355FFDC4047CF85FE4A45 /* RatingBadge.swift in Sources */,
                781AF5408D444A48B1228AE5 /* Theme.swift in Sources */,
                C2672C9A2EB140F088E809A8 /* AlertsView.swift in Sources */,
                9AD6C635B6654848ADC0E9B6 /* DetailsView.swift in Sources */,
                C2E79F08E61146E5AEB5830D /* DiscoveryView.swift in Sources */,
                A3BBFA33D3E34E749AD5341E /* DownloadsView.swift in Sources */,
                12C4E09A11C6486188B28142 /* LibraryView.swift in Sources */,
                3DD854CA55FF466CAF6BB88C /* PlayerView.swift in Sources */,
                66100134207B4997B2099781 /* SettingsView.swift in Sources */,
                B1A835EFFE7041D4A0C95B42 /* UnwatchedBadge.swift in Sources */,
                500DB97F4EC0404393BF3323 /* KyomiruApp.swift in Sources */,
                DCC1BF116B2544DC83E97CCD /* ContentView.swift in Sources */,
            );
            runOnlyForDeploymentPostprocessing = 0;
        };
/* End PBXSourcesBuildPhase section */

/* Begin XCBuildConfiguration section */
        BA9B1E09F42340CAB685FBE3 /* Debug */ = {
            isa = XCBuildConfiguration;
            buildSettings = {
                PRODUCT_BUNDLE_IDENTIFIER = com.samysamy.kyomiru;
                PRODUCT_NAME = Kyomiru;
                INFOPLIST_FILE = Resources/Info.plist;
                IPHONEOS_DEPLOYMENT_TARGET = 17.0;
                SWIFT_VERSION = 5.0;
                TARGETED_DEVICE_FAMILY = "1,2";
                SUPPORTED_PLATFORMS = "iphoneos iphonesimulator";
                SDKROOT = iphoneos;
                LD_RUNPATH_SEARCH_PATHS = "$(inherited) @executable_path/Frameworks";
                CODE_SIGNING_ALLOWED = NO;
                CODE_SIGNING_REQUIRED = NO;
            };
            name = Debug;
        };
        FB498E97821C414ABA72FFA6 /* Release */ = {
            isa = XCBuildConfiguration;
            buildSettings = {
                PRODUCT_BUNDLE_IDENTIFIER = com.samysamy.kyomiru;
                PRODUCT_NAME = Kyomiru;
                INFOPLIST_FILE = Resources/Info.plist;
                IPHONEOS_DEPLOYMENT_TARGET = 17.0;
                SWIFT_VERSION = 5.0;
                TARGETED_DEVICE_FAMILY = "1,2";
                SUPPORTED_PLATFORMS = "iphoneos iphonesimulator";
                SDKROOT = iphoneos;
                LD_RUNPATH_SEARCH_PATHS = "$(inherited) @executable_path/Frameworks";
                CODE_SIGNING_ALLOWED = NO;
                CODE_SIGNING_REQUIRED = NO;
                SWIFT_OPTIMIZATION_LEVEL = "-O";
            };
            name = Release;
        };
        5CA6DE7DD97044C3AB336AE9 /* Debug */ = {
            isa = XCBuildConfiguration;
            buildSettings = {
                CODE_SIGNING_ALLOWED = NO;
                CODE_SIGNING_REQUIRED = NO;
                IPHONEOS_DEPLOYMENT_TARGET = 17.0;
                SUPPORTED_PLATFORMS = "iphoneos iphonesimulator";
                SDKROOT = iphoneos;
                LD_RUNPATH_SEARCH_PATHS = "$(inherited) @executable_path/Frameworks";
                TARGETED_DEVICE_FAMILY = "1,2";
            };
            name = Debug;
        };
        93FFD64D8D1B49778BE3800F /* Release */ = {
            isa = XCBuildConfiguration;
            buildSettings = {
                CODE_SIGNING_ALLOWED = NO;
                CODE_SIGNING_REQUIRED = NO;
                IPHONEOS_DEPLOYMENT_TARGET = 17.0;
                SUPPORTED_PLATFORMS = "iphoneos iphonesimulator";
                SDKROOT = iphoneos;
                LD_RUNPATH_SEARCH_PATHS = "$(inherited) @executable_path/Frameworks";
                TARGETED_DEVICE_FAMILY = "1,2";
            };
            name = Release;
        };
/* End XCBuildConfiguration section */

/* Begin XCConfigurationList section */
        E23C00B0F7C841929B580F4E /* Build configuration list for PBXNativeTarget "Kyomiru" */ = {
            isa = XCConfigurationList;
            buildConfigurations = (
                BA9B1E09F42340CAB685FBE3 /* Debug */,
                FB498E97821C414ABA72FFA6 /* Release */,
            );
            defaultConfigurationIsVisible = 0;
            defaultConfigurationName = Release;
        };
        EF4A68132A2A450FBF15CDB3 /* Build configuration list for PBXProject "Kyomiru" */ = {
            isa = XCConfigurationList;
            buildConfigurations = (
                5CA6DE7DD97044C3AB336AE9 /* Debug */,
                93FFD64D8D1B49778BE3800F /* Release */,
            );
            defaultConfigurationIsVisible = 0;
            defaultConfigurationName = Release;
        };
/* End XCConfigurationList section */
    };
    rootObject = CEBA43CD5CED4B48B03BA7D5 /* Project object */;
}
