// !$*UTF8*$!
{
    archiveVersion = 1;
    classes = {
    };
    objectVersion = 56;
    objects = {

/* Begin PBXBuildFile section */
        4F9D0B2A7C164E1E8A12B9F4 /* Assets.xcassets in Resources */ = {isa = PBXBuildFile; fileRef = 7E3A8C1B5D2F4A9C8B6E1D03 /* Assets.xcassets */; };
        9749FCDEB57240EABD536F98 /* RootView.swift in Sources */ = {isa = PBXBuildFile; fileRef = 6AB03B22F525412691AD3912 /* RootView.swift */; };
        D4E5F60718293A4B5C6D7E8F /* NavigationShell.swift in Sources */ = {isa = PBXBuildFile; fileRef = A1B2C3D4E5F60718293A4B5C /* NavigationShell.swift */; };
        5C97AFFC7DD823D160FB8E18 /* WebKit.framework in Frameworks */ = {isa = PBXBuildFile; fileRef = B9DBA9411C2F769120D165B0 /* WebKit.framework */; };
        1F1794364860EAEFCE63C284 /* JavaScriptCore.framework in Frameworks */ = {isa = PBXBuildFile; fileRef = 59848050E347612F09813FD7 /* JavaScriptCore.framework */; };
		57D7D511708747C286FA1D14 /* AniListModels.swift in Sources */ = {isa = PBXBuildFile; fileRef = 1A722697BFB5416EA44A529C /* AniListModels.swift */; };
		0AD981C75D824CAB83424331 /* SoraModels.swift in Sources */ = {isa = PBXBuildFile; fileRef = 8C36726A901F4A6BA25B8FED /* SoraModels.swift */; };
		E1C2A3B4D5F60718293A4B5E /* EpisodeImportCandidate.swift in Sources */ = {isa = PBXBuildFile; fileRef = E1C2A3B4D5F60718293A4B5D /* EpisodeImportCandidate.swift */; };
		F1C2A3B4D5F60718293A4B5E /* EpisodeImportUI.swift in Sources */ = {isa = PBXBuildFile; fileRef = F1C2A3B4D5F60718293A4B5D /* EpisodeImportUI.swift */; };
        E5F60718293A4B5C6D7E8F90 /* MediaItem.swift in Sources */ = {isa = PBXBuildFile; fileRef = B2C3D4E5F60718293A4B5C6D /* MediaItem.swift */; };
        C6D7E8F901A2B3C4D5E6F708 /* MediaTracker.swift in Sources */ = {isa = PBXBuildFile; fileRef = D7E8F901A2B3C4D5E6F70819 /* MediaTracker.swift */; };
        2523BB6A1CCC401CB2F04C4E /* AniListAuthService.swift in Sources */ = {isa = PBXBuildFile; fileRef = 8C2A62C67E724D098CDD7C65 /* AniListAuthService.swift */; };
        7D6DD7FBD32C414EA5ABECFF /* AniListClient.swift in Sources */ = {isa = PBXBuildFile; fileRef = 7A6AD4229B1D4D9DB5D31F82 /* AniListClient.swift */; };
        8D7E6C5B4A392817F0E1D2C3 /* AniZipClient.swift in Sources */ = {isa = PBXBuildFile; fileRef = 8D7E6C5B4A392817F0E1D2C2 /* AniZipClient.swift */; };
        F6F0D325A00A4D118C02EB86 /* AppServices.swift in Sources */ = {isa = PBXBuildFile; fileRef = 5A834867881B451BADAD93AA /* AppServices.swift */; };
		EE7CFB650A594B10AA0A5669 /* CacheService.swift in Sources */ = {isa = PBXBuildFile; fileRef = 9D61DF5D7C6F4CDAB259605A /* CacheService.swift */; };
		A4AF9E8E377842D7A316D80A /* CacheStore.swift in Sources */ = {isa = PBXBuildFile; fileRef = 8BC548A6BB5A4F3FAA3AEC8E /* CacheStore.swift */; };
		7C2A0A1E5B7D4F16B3A9C1E7 /* NetworkMonitor.swift in Sources */ = {isa = PBXBuildFile; fileRef = 2B6E3C1F4D9A4B8E9E2E4C3A /* NetworkMonitor.swift */; };
		B1C2D3E4F5061728394A5B6D /* NetworkRetry.swift in Sources */ = {isa = PBXBuildFile; fileRef = A1B2C3D4E5F60718293A4B5D /* NetworkRetry.swift */; };
		314C57A12C82496CA605168E /* DownloadManager.swift in Sources */ = {isa = PBXBuildFile; fileRef = 161229ED682D48179B328B0A /* DownloadManager.swift */; };
		B6D7E8F9A0B1C2D3E4F50617 /* PlaybackService.swift in Sources */ = {isa = PBXBuildFile; fileRef = A5C9E3B1D4F24C1BAA112233 /* PlaybackService.swift */; };
		E8F901A2B3C4D5E6F708192A /* PlaybackEngine.swift in Sources */ = {isa = PBXBuildFile; fileRef = F901A2B3C4D5E6F708192A3B /* PlaybackEngine.swift */; };
        01A2B3C4D5E6F708192A3B4C /* OfflineManager.swift in Sources */ = {isa = PBXBuildFile; fileRef = 0A1B2C3D4E5F60718293A4B5 /* OfflineManager.swift */; };
        12B3C4D5E6F708192A3B4C5D /* MetadataService.swift in Sources */ = {isa = PBXBuildFile; fileRef = 1B2C3D4E5F60718293A4B5C6 /* MetadataService.swift */; };
        B3C4D5E6F708192A3B4C5D6F /* TMDBMatchingService.swift in Sources */ = {isa = PBXBuildFile; fileRef = A3C4D5E6F708192A3B4C5D6F /* TMDBMatchingService.swift */; };
        D4D5E6F708192A3B4C5D6E7F /* TitleSanitizer.swift in Sources */ = {isa = PBXBuildFile; fileRef = C4D5E6F708192A3B4C5D6E7F /* TitleSanitizer.swift */; };
        F4D5E6F708192A3B4C5D6E7F /* MetadataCacheManager.swift in Sources */ = {isa = PBXBuildFile; fileRef = E4D5E6F708192A3B4C5D6E7F /* MetadataCacheManager.swift */; };
        A9B8C7D6E5F40123456789AB /* TMDBOverrideStore.swift in Sources */ = {isa = PBXBuildFile; fileRef = B9A8C7D6E5F40123456789AB /* TMDBOverrideStore.swift */; };
        AC09AF4D919E41E280CE52B0 /* EpisodeService.swift in Sources */ = {isa = PBXBuildFile; fileRef = 3DBC32B3E0EE435FB94C4CA7 /* EpisodeService.swift */; };
        0CE0DC714378445E8D425F8B /* KeychainService.swift in Sources */ = {isa = PBXBuildFile; fileRef = 25A95FA1C7124A04B870C47B /* KeychainService.swift */; };
        8A78EA4EE58E445BB261744F /* Logging.swift in Sources */ = {isa = PBXBuildFile; fileRef = 9123772BA7C647A89887E9E2 /* Logging.swift */; };
        0C7F8F4657434D42BFD5C9F9 /* LogStore.swift in Sources */ = {isa = PBXBuildFile; fileRef = ADD27E0F05DF470BA85DBC5B /* LogStore.swift */; };
        384BD60D36CD438DA60949D8 /* PlaybackHistoryStore.swift in Sources */ = {isa = PBXBuildFile; fileRef = 1063B41F91974C149ABDFDCD /* PlaybackHistoryStore.swift */; };
        A1F2B3C4D5E6F708192A3B4C /* MatchStore.swift in Sources */ = {isa = PBXBuildFile; fileRef = B1C2D3E4F5061728394A5B6C /* MatchStore.swift */; };
        B54EC35066044FC8816A781C /* SoraRuntime.swift in Sources */ = {isa = PBXBuildFile; fileRef = 4DAFBC3D2A734B2A928E9ACB /* SoraRuntime.swift */; };
        477FAB90D847485C96851E09 /* TitleMatcher.swift in Sources */ = {isa = PBXBuildFile; fileRef = 52888B957D0B4BAD8988D80F /* TitleMatcher.swift */; };
        970DFB54D0CF444BAAF3D99B /* TrackingSyncService.swift in Sources */ = {isa = PBXBuildFile; fileRef = A72C32B7EA8840CD9CFB80A1 /* TrackingSyncService.swift */; };
        0C02BEE9ADE54332A9D8F2DF /* AppState.swift in Sources */ = {isa = PBXBuildFile; fileRef = FEFA766A7D86413E8D2E09A4 /* AppState.swift */; };
        C4101F54869D49D8A0B4A425 /* AuthState.swift in Sources */ = {isa = PBXBuildFile; fileRef = B889450D6A20487F833188E5 /* AuthState.swift */; };
        7CF625CC580C4B3886797010 /* SettingsState.swift in Sources */ = {isa = PBXBuildFile; fileRef = 3028F9F1B2AB4647891B467C /* SettingsState.swift */; };
        B8E1D2C3B4A5061728394C5D /* AppDependencyContainer.swift in Sources */ = {isa = PBXBuildFile; fileRef = A8E1D2C3B4A5061728394C5D /* AppDependencyContainer.swift */; };
		AF1B2C3D4E5F60718293A4B5 /* BrowseState.swift in Sources */ = {isa = PBXBuildFile; fileRef = BF1B2C3D4E5F60718293A4B5 /* BrowseState.swift */; };
		69950056E20B4D91A5990BD6 /* Glass.swift in Sources */ = {isa = PBXBuildFile; fileRef = A61733A6B24C482A972EBD23 /* Glass.swift */; };
		3A4B5C6D7E8F901A2B3C4D5E /* SampleBufferDisplayView.swift in Sources */ = {isa = PBXBuildFile; fileRef = 6D7E8F901A2B3C4D5E6F7081 /* SampleBufferDisplayView.swift */; };
		8B7A6C5D4E3F2A1B0C9D8E7F /* PiPController.swift in Sources */ = {isa = PBXBuildFile; fileRef = 9C1D2E3F4A5B6C7D8E9F0A1B /* PiPController.swift */; };
		9F9199A4F02B4E5092C147DB /* RatingBadge.swift in Sources */ = {isa = PBXBuildFile; fileRef = 4CDFF53C1D67465EB0681082 /* RatingBadge.swift */; };
        66B4F54F865245C8B0391307 /* Theme.swift in Sources */ = {isa = PBXBuildFile; fileRef = 4F4DB95DE3E04DFF877268BB /* Theme.swift */; };
        23C4D5E6F708192A3B4C5D6E /* HeroHeader.swift in Sources */ = {isa = PBXBuildFile; fileRef = 2C3D4E5F60718293A4B5C6D7 /* HeroHeader.swift */; };
        34D5E6F708192A3B4C5D6E7F /* Chips.swift in Sources */ = {isa = PBXBuildFile; fileRef = 3D4E5F60718293A4B5C6D7E8 /* Chips.swift */; };
        45E6F708192A3B4C5D6E7F80 /* MediaCards.swift in Sources */ = {isa = PBXBuildFile; fileRef = 4E5F60718293A4B5C6D7E8F9 /* MediaCards.swift */; };
        77A1B2C3D4E5F60718293A4B /* PlatformSupport.swift in Sources */ = {isa = PBXBuildFile; fileRef = 77A1B2C3D4E5F60718293A4A /* PlatformSupport.swift */; };
        B8F1C2D3E4F5061728394B5C /* UIConstants.swift in Sources */ = {isa = PBXBuildFile; fileRef = A8F1C2D3E4F5061728394B5C /* UIConstants.swift */; };
        67D14034D0CE4A10A7EE55F4 /* AlertsView.swift in Sources */ = {isa = PBXBuildFile; fileRef = 322049D9007F477FAF8D125F /* AlertsView.swift */; };
        F08F4932645347648FEC250D /* DetailsView.swift in Sources */ = {isa = PBXBuildFile; fileRef = 4EF67EDF5267442199B09036 /* DetailsView.swift */; };
        
		5E9A1C2D3F4B5A6C7D8E9F01 /* BrowseView.swift in Sources */ = {isa = PBXBuildFile; fileRef = B0B7E0A3D5C64A2EB6C9F812 /* BrowseView.swift */; };
		8F7E6D5C4B3A291807F6E5D4 /* DiscoveryView.swift in Sources */ = {isa = PBXBuildFile; fileRef = A7B6C5D4E3F21908A1B2C3D4 /* DiscoveryView.swift */; };
        F60718293A4B5C6D7E8F901A /* SearchView.swift in Sources */ = {isa = PBXBuildFile; fileRef = C3D4E5F60718293A4B5C6D7E /* SearchView.swift */; };
        11ECF2BA28E64FC48511905D /* DownloadsView.swift in Sources */ = {isa = PBXBuildFile; fileRef = 240319EA3938479F9B029C6A /* DownloadsView.swift */; };
        510D0F686D3B4D9D975CC4B8 /* LibraryView.swift in Sources */ = {isa = PBXBuildFile; fileRef = 1EF353E62D5546EE9E3AE4EF /* LibraryView.swift */; };
        BCFACE101D36497780C276D3 /* LogsView.swift in Sources */ = {isa = PBXBuildFile; fileRef = 2E6C6FE87AB947BE98547B90 /* LogsView.swift */; };
        C6372A0E92E24F3A9427C2A4 /* PlayerView.swift in Sources */ = {isa = PBXBuildFile; fileRef = FEA74C0C38214FBC986C9022 /* PlayerView.swift */; };
        A1B2C3D4E5F60718293A4B6E /* MPVPlayerView.swift in Sources */ = {isa = PBXBuildFile; fileRef = A1B2C3D4E5F60718293A4B6D /* MPVPlayerView.swift */; };
        E1A2B3C4D5E6F708192A3B4D /* KSPlayerView.swift in Sources */ = {isa = PBXBuildFile; fileRef = E1A2B3C4D5E6F708192A3B4C /* KSPlayerView.swift */; };
        92401A9DC859426A8AF69DF2 /* SettingsView.swift in Sources */ = {isa = PBXBuildFile; fileRef = E0A90E57F6F44F0583A71822 /* SettingsView.swift */; };
        F3F3C1E6A0A94E34A29B1DEB /* UnwatchedBadge.swift in Sources */ = {isa = PBXBuildFile; fileRef = CF49C70551B440FF9A686940 /* UnwatchedBadge.swift */; };
        BD14A6AD0AE24C59ADB229A3 /* KyomiruApp.swift in Sources */ = {isa = PBXBuildFile; fileRef = 2110ACC12DA4498F90623464 /* KyomiruApp.swift */; };
        B9A3232611B34F8F9A1DD350 /* ContentView.swift in Sources */ = {isa = PBXBuildFile; fileRef = 9086C63B78104A0B85864ECF /* ContentView.swift */; };
        34D87D2A9B9F0C884137BA41 /* JSController.swift in Sources */ = {isa = PBXBuildFile; fileRef = 9319810F7BFF414F98EB8BD5 /* JSController.swift */; };
        C4720C8C2D983F148004369D /* JSController-Search.swift in Sources */ = {isa = PBXBuildFile; fileRef = E38F26C8A04294DC0BE2DC9A /* JSController-Search.swift */; };
        80D6C3862DCF7D7290AE7AD8 /* JSController-Streams.swift in Sources */ = {isa = PBXBuildFile; fileRef = 054BD8EF3437F74017E74A35 /* JSController-Streams.swift */; };
        F925FB3B0380A3F17AD2E27E /* JSController-Details.swift in Sources */ = {isa = PBXBuildFile; fileRef = ED74AE460E0A8757756331C5 /* JSController-Details.swift */; };
        2CFF3ECD27116963C051730A /* JSController-NetworkFetch.swift in Sources */ = {isa = PBXBuildFile; fileRef = 45A0F16D55021ED2DE2E8DE8 /* JSController-NetworkFetch.swift */; };
        4788F2D20516CCB44531164A /* JavaScriptCore+Extensions.swift in Sources */ = {isa = PBXBuildFile; fileRef = 334866F7F2A74AB9510C2588 /* JavaScriptCore+Extensions.swift */; };
		5FB9970930229D05437710EC /* LunaCompat.swift in Sources */ = {isa = PBXBuildFile; fileRef = 4D3DAE2316A4076C61FFB793 /* LunaCompat.swift */; };


/* Begin PBXFileReference section */
        72071117F02B492EA7D8D08E /* Kyomiru.app */ = {isa = PBXFileReference; explicitFileType = wrapper.application; path = Kyomiru.app; sourceTree = BUILT_PRODUCTS_DIR; };
        B9DBA9411C2F769120D165B0 /* WebKit.framework */ = {isa = PBXFileReference; lastKnownFileType = wrapper.framework; name = WebKit.framework; path = System/Library/Frameworks/WebKit.framework; sourceTree = SDKROOT; };
        59848050E347612F09813FD7 /* JavaScriptCore.framework */ = {isa = PBXFileReference; lastKnownFileType = wrapper.framework; name = JavaScriptCore.framework; path = System/Library/Frameworks/JavaScriptCore.framework; sourceTree = SDKROOT; };
        6AB03B22F525412691AD3912 /* RootView.swift */ = {isa = PBXFileReference; lastKnownFileType = sourcecode.swift; path = RootView.swift; sourceTree = "<group>"; };
        A1B2C3D4E5F60718293A4B5C /* NavigationShell.swift */ = {isa = PBXFileReference; lastKnownFileType = sourcecode.swift; path = NavigationShell.swift; sourceTree = "<group>"; };
		1A722697BFB5416EA44A529C /* AniListModels.swift */ = {isa = PBXFileReference; lastKnownFileType = sourcecode.swift; path = AniListModels.swift; sourceTree = "<group>"; };
		8C36726A901F4A6BA25B8FED /* SoraModels.swift */ = {isa = PBXFileReference; lastKnownFileType = sourcecode.swift; path = SoraModels.swift; sourceTree = "<group>"; };
		E1C2A3B4D5F60718293A4B5D /* EpisodeImportCandidate.swift */ = {isa = PBXFileReference; lastKnownFileType = sourcecode.swift; path = EpisodeImportCandidate.swift; sourceTree = "<group>"; };
        B2C3D4E5F60718293A4B5C6D /* MediaItem.swift */ = {isa = PBXFileReference; lastKnownFileType = sourcecode.swift; path = MediaItem.swift; sourceTree = "<group>"; };
        D7E8F901A2B3C4D5E6F70819 /* MediaTracker.swift */ = {isa = PBXFileReference; lastKnownFileType = sourcecode.swift; path = MediaTracker.swift; sourceTree = "<group>"; };
        8C2A62C67E724D098CDD7C65 /* AniListAuthService.swift */ = {isa = PBXFileReference; lastKnownFileType = sourcecode.swift; path = AniListAuthService.swift; sourceTree = "<group>"; };
        7A6AD4229B1D4D9DB5D31F82 /* AniListClient.swift */ = {isa = PBXFileReference; lastKnownFileType = sourcecode.swift; path = AniListClient.swift; sourceTree = "<group>"; };
        8D7E6C5B4A392817F0E1D2C2 /* AniZipClient.swift */ = {isa = PBXFileReference; lastKnownFileType = sourcecode.swift; path = AniZipClient.swift; sourceTree = "<group>"; };
        5A834867881B451BADAD93AA /* AppServices.swift */ = {isa = PBXFileReference; lastKnownFileType = sourcecode.swift; path = AppServices.swift; sourceTree = "<group>"; };
		9D61DF5D7C6F4CDAB259605A /* CacheService.swift */ = {isa = PBXFileReference; lastKnownFileType = sourcecode.swift; path = CacheService.swift; sourceTree = "<group>"; };
		8BC548A6BB5A4F3FAA3AEC8E /* CacheStore.swift */ = {isa = PBXFileReference; lastKnownFileType = sourcecode.swift; path = CacheStore.swift; sourceTree = "<group>"; };
		2B6E3C1F4D9A4B8E9E2E4C3A /* NetworkMonitor.swift */ = {isa = PBXFileReference; lastKnownFileType = sourcecode.swift; path = NetworkMonitor.swift; sourceTree = "<group>"; };
		A1B2C3D4E5F60718293A4B5D /* NetworkRetry.swift */ = {isa = PBXFileReference; lastKnownFileType = sourcecode.swift; path = NetworkRetry.swift; sourceTree = "<group>"; };
		161229ED682D48179B328B0A /* DownloadManager.swift */ = {isa = PBXFileReference; lastKnownFileType = sourcecode.swift; path = DownloadManager.swift; sourceTree = "<group>"; };
		A5C9E3B1D4F24C1BAA112233 /* PlaybackService.swift */ = {isa = PBXFileReference; lastKnownFileType = sourcecode.swift; path = PlaybackService.swift; sourceTree = "<group>"; };
		F901A2B3C4D5E6F708192A3B /* PlaybackEngine.swift */ = {isa = PBXFileReference; lastKnownFileType = sourcecode.swift; path = PlaybackEngine.swift; sourceTree = "<group>"; };
        0A1B2C3D4E5F60718293A4B5 /* OfflineManager.swift */ = {isa = PBXFileReference; lastKnownFileType = sourcecode.swift; path = OfflineManager.swift; sourceTree = "<group>"; };
        1B2C3D4E5F60718293A4B5C6 /* MetadataService.swift */ = {isa = PBXFileReference; lastKnownFileType = sourcecode.swift; path = MetadataService.swift; sourceTree = "<group>"; };
        A3C4D5E6F708192A3B4C5D6F /* TMDBMatchingService.swift */ = {isa = PBXFileReference; lastKnownFileType = sourcecode.swift; path = TMDBMatchingService.swift; sourceTree = "<group>"; };
        C4D5E6F708192A3B4C5D6E7F /* TitleSanitizer.swift */ = {isa = PBXFileReference; lastKnownFileType = sourcecode.swift; path = TitleSanitizer.swift; sourceTree = "<group>"; };
        E4D5E6F708192A3B4C5D6E7F /* MetadataCacheManager.swift */ = {isa = PBXFileReference; lastKnownFileType = sourcecode.swift; path = MetadataCacheManager.swift; sourceTree = "<group>"; };
        B9A8C7D6E5F40123456789AB /* TMDBOverrideStore.swift */ = {isa = PBXFileReference; lastKnownFileType = sourcecode.swift; path = TMDBOverrideStore.swift; sourceTree = "<group>"; };
        3DBC32B3E0EE435FB94C4CA7 /* EpisodeService.swift */ = {isa = PBXFileReference; lastKnownFileType = sourcecode.swift; path = EpisodeService.swift; sourceTree = "<group>"; };
        25A95FA1C7124A04B870C47B /* KeychainService.swift */ = {isa = PBXFileReference; lastKnownFileType = sourcecode.swift; path = KeychainService.swift; sourceTree = "<group>"; };
        9123772BA7C647A89887E9E2 /* Logging.swift */ = {isa = PBXFileReference; lastKnownFileType = sourcecode.swift; path = Logging.swift; sourceTree = "<group>"; };
        ADD27E0F05DF470BA85DBC5B /* LogStore.swift */ = {isa = PBXFileReference; lastKnownFileType = sourcecode.swift; path = LogStore.swift; sourceTree = "<group>"; };
        1063B41F91974C149ABDFDCD /* PlaybackHistoryStore.swift */ = {isa = PBXFileReference; lastKnownFileType = sourcecode.swift; path = PlaybackHistoryStore.swift; sourceTree = "<group>"; };
        B1C2D3E4F5061728394A5B6C /* MatchStore.swift */ = {isa = PBXFileReference; lastKnownFileType = sourcecode.swift; path = MatchStore.swift; sourceTree = "<group>"; };
        4DAFBC3D2A734B2A928E9ACB /* SoraRuntime.swift */ = {isa = PBXFileReference; lastKnownFileType = sourcecode.swift; path = SoraRuntime.swift; sourceTree = "<group>"; };
        52888B957D0B4BAD8988D80F /* TitleMatcher.swift */ = {isa = PBXFileReference; lastKnownFileType = sourcecode.swift; path = TitleMatcher.swift; sourceTree = "<group>"; };
        A72C32B7EA8840CD9CFB80A1 /* TrackingSyncService.swift */ = {isa = PBXFileReference; lastKnownFileType = sourcecode.swift; path = TrackingSyncService.swift; sourceTree = "<group>"; };
        FEFA766A7D86413E8D2E09A4 /* AppState.swift */ = {isa = PBXFileReference; lastKnownFileType = sourcecode.swift; path = AppState.swift; sourceTree = "<group>"; };
        B889450D6A20487F833188E5 /* AuthState.swift */ = {isa = PBXFileReference; lastKnownFileType = sourcecode.swift; path = AuthState.swift; sourceTree = "<group>"; };
        3028F9F1B2AB4647891B467C /* SettingsState.swift */ = {isa = PBXFileReference; lastKnownFileType = sourcecode.swift; path = SettingsState.swift; sourceTree = "<group>"; };
        A8E1D2C3B4A5061728394C5D /* AppDependencyContainer.swift */ = {isa = PBXFileReference; lastKnownFileType = sourcecode.swift; path = AppDependencyContainer.swift; sourceTree = "<group>"; };
		BF1B2C3D4E5F60718293A4B5 /* BrowseState.swift */ = {isa = PBXFileReference; lastKnownFileType = sourcecode.swift; path = BrowseState.swift; sourceTree = "<group>"; };
		A61733A6B24C482A972EBD23 /* Glass.swift */ = {isa = PBXFileReference; lastKnownFileType = sourcecode.swift; path = Glass.swift; sourceTree = "<group>"; };
		6D7E8F901A2B3C4D5E6F7081 /* SampleBufferDisplayView.swift */ = {isa = PBXFileReference; lastKnownFileType = sourcecode.swift; path = SampleBufferDisplayView.swift; sourceTree = "<group>"; };
		9C1D2E3F4A5B6C7D8E9F0A1B /* PiPController.swift */ = {isa = PBXFileReference; lastKnownFileType = sourcecode.swift; path = PiPController.swift; sourceTree = "<group>"; };
		4CDFF53C1D67465EB0681082 /* RatingBadge.swift */ = {isa = PBXFileReference; lastKnownFileType = sourcecode.swift; path = RatingBadge.swift; sourceTree = "<group>"; };
        4F4DB95DE3E04DFF877268BB /* Theme.swift */ = {isa = PBXFileReference; lastKnownFileType = sourcecode.swift; path = Theme.swift; sourceTree = "<group>"; };
        2C3D4E5F60718293A4B5C6D7 /* HeroHeader.swift */ = {isa = PBXFileReference; lastKnownFileType = sourcecode.swift; path = HeroHeader.swift; sourceTree = "<group>"; };
        3D4E5F60718293A4B5C6D7E8 /* Chips.swift */ = {isa = PBXFileReference; lastKnownFileType = sourcecode.swift; path = Chips.swift; sourceTree = "<group>"; };
		4E5F60718293A4B5C6D7E8F9 /* MediaCards.swift */ = {isa = PBXFileReference; lastKnownFileType = sourcecode.swift; path = MediaCards.swift; sourceTree = "<group>"; };
		77A1B2C3D4E5F60718293A4A /* PlatformSupport.swift */ = {isa = PBXFileReference; lastKnownFileType = sourcecode.swift; path = PlatformSupport.swift; sourceTree = "<group>"; };
		A8F1C2D3E4F5061728394B5C /* UIConstants.swift */ = {isa = PBXFileReference; lastKnownFileType = sourcecode.swift; path = UIConstants.swift; sourceTree = "<group>"; };
		F1C2A3B4D5F60718293A4B5D /* EpisodeImportUI.swift */ = {isa = PBXFileReference; lastKnownFileType = sourcecode.swift; path = EpisodeImportUI.swift; sourceTree = "<group>"; };
        322049D9007F477FAF8D125F /* AlertsView.swift */ = {isa = PBXFileReference; lastKnownFileType = sourcecode.swift; path = AlertsView.swift; sourceTree = "<group>"; };
        4EF67EDF5267442199B09036 /* DetailsView.swift */ = {isa = PBXFileReference; lastKnownFileType = sourcecode.swift; path = DetailsView.swift; sourceTree = "<group>"; };
        
		B0B7E0A3D5C64A2EB6C9F812 /* BrowseView.swift */ = {isa = PBXFileReference; lastKnownFileType = sourcecode.swift; path = BrowseView.swift; sourceTree = "<group>"; };
		A7B6C5D4E3F21908A1B2C3D4 /* DiscoveryView.swift */ = {isa = PBXFileReference; lastKnownFileType = sourcecode.swift; path = DiscoveryView.swift; sourceTree = "<group>"; };
        C3D4E5F60718293A4B5C6D7E /* SearchView.swift */ = {isa = PBXFileReference; lastKnownFileType = sourcecode.swift; path = SearchView.swift; sourceTree = "<group>"; };
        240319EA3938479F9B029C6A /* DownloadsView.swift */ = {isa = PBXFileReference; lastKnownFileType = sourcecode.swift; path = DownloadsView.swift; sourceTree = "<group>"; };
        1EF353E62D5546EE9E3AE4EF /* LibraryView.swift */ = {isa = PBXFileReference; lastKnownFileType = sourcecode.swift; path = LibraryView.swift; sourceTree = "<group>"; };
        2E6C6FE87AB947BE98547B90 /* LogsView.swift */ = {isa = PBXFileReference; lastKnownFileType = sourcecode.swift; path = LogsView.swift; sourceTree = "<group>"; };
        FEA74C0C38214FBC986C9022 /* PlayerView.swift */ = {isa = PBXFileReference; lastKnownFileType = sourcecode.swift; path = PlayerView.swift; sourceTree = "<group>"; };
        A1B2C3D4E5F60718293A4B6D /* MPVPlayerView.swift */ = {isa = PBXFileReference; lastKnownFileType = sourcecode.swift; path = MPVPlayerView.swift; sourceTree = "<group>"; };
        E1A2B3C4D5E6F708192A3B4C /* KSPlayerView.swift */ = {isa = PBXFileReference; lastKnownFileType = sourcecode.swift; path = KSPlayerView.swift; sourceTree = "<group>"; };
        E0A90E57F6F44F0583A71822 /* SettingsView.swift */ = {isa = PBXFileReference; lastKnownFileType = sourcecode.swift; path = SettingsView.swift; sourceTree = "<group>"; };
        CF49C70551B440FF9A686940 /* UnwatchedBadge.swift */ = {isa = PBXFileReference; lastKnownFileType = sourcecode.swift; path = UnwatchedBadge.swift; sourceTree = "<group>"; };
        2110ACC12DA4498F90623464 /* KyomiruApp.swift */ = {isa = PBXFileReference; lastKnownFileType = sourcecode.swift; path = KyomiruApp.swift; sourceTree = "<group>"; };
        9086C63B78104A0B85864ECF /* ContentView.swift */ = {isa = PBXFileReference; lastKnownFileType = sourcecode.swift; path = ContentView.swift; sourceTree = "<group>"; };
        38B34000AF8743898D5971C2 /* Info.plist */ = {isa = PBXFileReference; lastKnownFileType = text.plist.xml; path = Info.plist; sourceTree = "<group>"; };
        7E3A8C1B5D2F4A9C8B6E1D03 /* Assets.xcassets */ = {isa = PBXFileReference; lastKnownFileType = folder.assetcatalog; path = Assets.xcassets; sourceTree = "<group>"; };
        9319810F7BFF414F98EB8BD5 /* JSController.swift */ = {isa = PBXFileReference; lastKnownFileType = sourcecode.swift; path = JSController.swift; sourceTree = "<group>"; };
        E38F26C8A04294DC0BE2DC9A /* JSController-Search.swift */ = {isa = PBXFileReference; lastKnownFileType = sourcecode.swift; path = "JSController-Search.swift"; sourceTree = "<group>"; };
        054BD8EF3437F74017E74A35 /* JSController-Streams.swift */ = {isa = PBXFileReference; lastKnownFileType = sourcecode.swift; path = "JSController-Streams.swift"; sourceTree = "<group>"; };
        ED74AE460E0A8757756331C5 /* JSController-Details.swift */ = {isa = PBXFileReference; lastKnownFileType = sourcecode.swift; path = "JSController-Details.swift"; sourceTree = "<group>"; };
        45A0F16D55021ED2DE2E8DE8 /* JSController-NetworkFetch.swift */ = {isa = PBXFileReference; lastKnownFileType = sourcecode.swift; path = "JSController-NetworkFetch.swift"; sourceTree = "<group>"; };
        334866F7F2A74AB9510C2588 /* JavaScriptCore+Extensions.swift */ = {isa = PBXFileReference; lastKnownFileType = sourcecode.swift; path = "JavaScriptCore+Extensions.swift"; sourceTree = "<group>"; };
        4D3DAE2316A4076C61FFB793 /* LunaCompat.swift */ = {isa = PBXFileReference; lastKnownFileType = sourcecode.swift; path = LunaCompat.swift; sourceTree = "<group>"; };


/* Begin PBXFrameworksBuildPhase section */
        61A1D0A9364F47778B137DBF /* Frameworks */ = {
            isa = PBXFrameworksBuildPhase;
            buildActionMask = 2147483647;
			files = (
				5C97AFFC7DD823D160FB8E18 /* WebKit.framework in Frameworks */,
				1F1794364860EAEFCE63C284 /* JavaScriptCore.framework in Frameworks */,
			);
            runOnlyForDeploymentPostprocessing = 0;
        };
/* End PBXFrameworksBuildPhase section */

/* Begin PBXCopyFilesBuildPhase section */
		CC11BB22CC33DD44EE55FF21 /* Embed Frameworks */ = {
			isa = PBXCopyFilesBuildPhase;
			buildActionMask = 2147483647;
			dstPath = "";
			dstSubfolderSpec = 10;
			files = (
			);
			name = "Embed Frameworks";
			runOnlyForDeploymentPostprocessing = 0;
		};
/* End PBXCopyFilesBuildPhase section */

/* Begin PBXGroup section */
        A1F6688393CD43E789FC9C3D = {
            isa = PBXGroup;
            children = (
                B9DBA9411C2F769120D165B0 /* WebKit.framework */,
                  59848050E347612F09813FD7 /* JavaScriptCore.framework */,
                C591C82493CB4BA0B5125830 /* App */,                 1EE5CC4E90AD46AD84E284B2 /* Models */,                 A56FD437DEE6442B8A5604FA /* Services */,                 ECF9CF9AE044490489714400 /* State */,                 69CBAC85A6A842B8A3C969F4 /* UI */,                 07B7F45882C14BB0849DC0B7 /* Views */,                 9B3569C6E5B54AC38A5FC2DB /* Sources */,                 C3B872E7402442BEA5900710 /* Resources */,                 72071117F02B492EA7D8D08E /* Kyomiru.app */,
            );
            sourceTree = "<group>";
        };
        C591C82493CB4BA0B5125830 /* App */ = {
            isa = PBXGroup;
            children = (
                6AB03B22F525412691AD3912 /* RootView.swift */,
                A1B2C3D4E5F60718293A4B5C /* NavigationShell.swift */,
            );
            path = App;
            sourceTree = "<group>";
          };
        1EE5CC4E90AD46AD84E284B2 /* Models */ = {
            isa = PBXGroup;
            children = (
                1A722697BFB5416EA44A529C /* AniListModels.swift */,
                8C36726A901F4A6BA25B8FED /* SoraModels.swift */,
                B2C3D4E5F60718293A4B5C6D /* MediaItem.swift */,
                E1C2A3B4D5F60718293A4B5D /* EpisodeImportCandidate.swift */,
            );
            path = Models;
            sourceTree = "<group>";
        };        A56FD437DEE6442B8A5604FA /* Services */ = {
            isa = PBXGroup;
            children = (
                F767F8BD91F7C2D9A61E1009 /* Luna */,
                8C2A62C67E724D098CDD7C65 /* AniListAuthService.swift */,
                7A6AD4229B1D4D9DB5D31F82 /* AniListClient.swift */,
                8D7E6C5B4A392817F0E1D2C2 /* AniZipClient.swift */,
				5A834867881B451BADAD93AA /* AppServices.swift */,
				9D61DF5D7C6F4CDAB259605A /* CacheService.swift */,
				8BC548A6BB5A4F3FAA3AEC8E /* CacheStore.swift */,
				2B6E3C1F4D9A4B8E9E2E4C3A /* NetworkMonitor.swift */,
				A1B2C3D4E5F60718293A4B5D /* NetworkRetry.swift */,
				161229ED682D48179B328B0A /* DownloadManager.swift */,
				A5C9E3B1D4F24C1BAA112233 /* PlaybackService.swift */,
                F901A2B3C4D5E6F708192A3B /* PlaybackEngine.swift */,
                0A1B2C3D4E5F60718293A4B5 /* OfflineManager.swift */,
                1B2C3D4E5F60718293A4B5C6 /* MetadataService.swift */,
                A3C4D5E6F708192A3B4C5D6F /* TMDBMatchingService.swift */,
                B9A8C7D6E5F40123456789AB /* TMDBOverrideStore.swift */,
                C4D5E6F708192A3B4C5D6E7F /* TitleSanitizer.swift */,
                E4D5E6F708192A3B4C5D6E7F /* MetadataCacheManager.swift */,
                3DBC32B3E0EE435FB94C4CA7 /* EpisodeService.swift */,
                25A95FA1C7124A04B870C47B /* KeychainService.swift */,
                9123772BA7C647A89887E9E2 /* Logging.swift */,
                ADD27E0F05DF470BA85DBC5B /* LogStore.swift */,
                1063B41F91974C149ABDFDCD /* PlaybackHistoryStore.swift */,
                B1C2D3E4F5061728394A5B6C /* MatchStore.swift */,
                4DAFBC3D2A734B2A928E9ACB /* SoraRuntime.swift */,
                52888B957D0B4BAD8988D80F /* TitleMatcher.swift */,
                A72C32B7EA8840CD9CFB80A1 /* TrackingSyncService.swift */,
            );
            path = Services;
            sourceTree = "<group>";
        };        ECF9CF9AE044490489714400 /* State */ = {
            isa = PBXGroup;
            children = (
                FEFA766A7D86413E8D2E09A4 /* AppState.swift */,
                B889450D6A20487F833188E5 /* AuthState.swift */,
                3028F9F1B2AB4647891B467C /* SettingsState.swift */,
                A8E1D2C3B4A5061728394C5D /* AppDependencyContainer.swift */,
                D7E8F901A2B3C4D5E6F70819 /* MediaTracker.swift */,
                BF1B2C3D4E5F60718293A4B5 /* BrowseState.swift */,
            );
            path = State;
            sourceTree = "<group>";
        };        69CBAC85A6A842B8A3C969F4 /* UI */ = {
            isa = PBXGroup;
            children = (
				A61733A6B24C482A972EBD23 /* Glass.swift */,
				6D7E8F901A2B3C4D5E6F7081 /* SampleBufferDisplayView.swift */,
				9C1D2E3F4A5B6C7D8E9F0A1B /* PiPController.swift */,
                4CDFF53C1D67465EB0681082 /* RatingBadge.swift */,
                4F4DB95DE3E04DFF877268BB /* Theme.swift */,
                2C3D4E5F60718293A4B5C6D7 /* HeroHeader.swift */,
                3D4E5F60718293A4B5C6D7E8 /* Chips.swift */,
                4E5F60718293A4B5C6D7E8F9 /* MediaCards.swift */,
                77A1B2C3D4E5F60718293A4A /* PlatformSupport.swift */,
                A8F1C2D3E4F5061728394B5C /* UIConstants.swift */,
                F1C2A3B4D5F60718293A4B5D /* EpisodeImportUI.swift */,
            );
            path = UI;
            sourceTree = "<group>";
        };        07B7F45882C14BB0849DC0B7 /* Views */ = {
            isa = PBXGroup;
            children = (
                322049D9007F477FAF8D125F /* AlertsView.swift */,
                4EF67EDF5267442199B09036 /* DetailsView.swift */,
                
				B0B7E0A3D5C64A2EB6C9F812 /* BrowseView.swift */,
				A7B6C5D4E3F21908A1B2C3D4 /* DiscoveryView.swift */,
                C3D4E5F60718293A4B5C6D7E /* SearchView.swift */,
                240319EA3938479F9B029C6A /* DownloadsView.swift */,
                1EF353E62D5546EE9E3AE4EF /* LibraryView.swift */,
                2E6C6FE87AB947BE98547B90 /* LogsView.swift */,
                FEA74C0C38214FBC986C9022 /* PlayerView.swift */,
                A1B2C3D4E5F60718293A4B6D /* MPVPlayerView.swift */,
                E1A2B3C4D5E6F708192A3B4C /* KSPlayerView.swift */,
                E0A90E57F6F44F0583A71822 /* SettingsView.swift */,
                CF49C70551B440FF9A686940 /* UnwatchedBadge.swift */,
            );
            path = Views;
            sourceTree = "<group>";
        };        9B3569C6E5B54AC38A5FC2DB /* Sources */ = {
            isa = PBXGroup;
            children = (
                2110ACC12DA4498F90623464 /* KyomiruApp.swift */,
                9086C63B78104A0B85864ECF /* ContentView.swift */,
            );
            path = Sources;
            sourceTree = "<group>";
        };        C3B872E7402442BEA5900710 /* Resources */ = {
            isa = PBXGroup;
            children = (
                7E3A8C1B5D2F4A9C8B6E1D03 /* Assets.xcassets */,
                38B34000AF8743898D5971C2 /* Info.plist */,
            );
            path = Resources;
            sourceTree = "<group>";
        };
        F767F8BD91F7C2D9A61E1009 /* Luna */ = {
            isa = PBXGroup;
            children = (
                9319810F7BFF414F98EB8BD5 /* JSController.swift */,
                E38F26C8A04294DC0BE2DC9A /* JSController-Search.swift */,
                054BD8EF3437F74017E74A35 /* JSController-Streams.swift */,
                ED74AE460E0A8757756331C5 /* JSController-Details.swift */,
                45A0F16D55021ED2DE2E8DE8 /* JSController-NetworkFetch.swift */,
                334866F7F2A74AB9510C2588 /* JavaScriptCore+Extensions.swift */,
                4D3DAE2316A4076C61FFB793 /* LunaCompat.swift */,
            );
            path = Luna;
            sourceTree = "<group>";
        };


/* Begin PBXNativeTarget section */
        7864ECBDBA1A47A195DD8A53 /* Kyomiru */ = {
            isa = PBXNativeTarget;
            buildConfigurationList = 9BFF57C27A1648AF833FAB38 /* Build configuration list for PBXNativeTarget "Kyomiru" */;
            buildPhases = (
                0B91B2A9C00C4BCB8F83B690 /* Sources */,
                61A1D0A9364F47778B137DBF /* Frameworks */,
				CC11BB22CC33DD44EE55FF21 /* Embed Frameworks */,
                35674947A872482CBA7B348E /* Resources */,
            );
            buildRules = (
            );
            dependencies = (
            );
            name = Kyomiru;
			packageProductDependencies = (
				B3E8C6D4F1A24B7C9E0F1A2B /* Kingfisher */,
				D1E2F3A4B5C6478899A0B1C2 /* MPVKit */,
			);
            productName = Kyomiru;
            productReference = 72071117F02B492EA7D8D08E /* Kyomiru.app */;
            productType = "com.apple.product-type.application";
        };
/* End PBXNativeTarget section */

/* Begin PBXProject section */
        E8295A472FC94C02B98D39A2 /* Project object */ = {
            isa = PBXProject;
            buildConfigurationList = 42F12BAB28224C8EAC562FCD /* Build configuration list for PBXProject "Kyomiru" */;
            compatibilityVersion = "Xcode 14.0";
            developmentRegion = en;
            hasScannedForEncodings = 0;
            mainGroup = A1F6688393CD43E789FC9C3D;
			packageReferences = (
				A2D7F5B1C4A84D9E8F1B2C3D /* Kingfisher */,
				C1D2E3F4A5B6478899A0B1C2 /* MPVKit */,
			);
            productRefGroup = A1F6688393CD43E789FC9C3D;
            projectDirPath = "";
            projectRoot = "";
            targets = (
                7864ECBDBA1A47A195DD8A53 /* Kyomiru */,
            );
        };
/* End PBXProject section */

/* Begin PBXResourcesBuildPhase section */
        35674947A872482CBA7B348E /* Resources */ = {
            isa = PBXResourcesBuildPhase;
            buildActionMask = 2147483647;
            files = (
                4F9D0B2A7C164E1E8A12B9F4 /* Assets.xcassets in Resources */,
            );
            runOnlyForDeploymentPostprocessing = 0;
        };
/* End PBXResourcesBuildPhase section */

/* Begin PBXSourcesBuildPhase section */
        0B91B2A9C00C4BCB8F83B690 /* Sources */ = {
            isa = PBXSourcesBuildPhase;
            buildActionMask = 2147483647;
			files = (
				34D87D2A9B9F0C884137BA41 /* JSController.swift in Sources */,
				C4720C8C2D983F148004369D /* JSController-Search.swift in Sources */,
				80D6C3862DCF7D7290AE7AD8 /* JSController-Streams.swift in Sources */,
				F925FB3B0380A3F17AD2E27E /* JSController-Details.swift in Sources */,
				2CFF3ECD27116963C051730A /* JSController-NetworkFetch.swift in Sources */,
				4788F2D20516CCB44531164A /* JavaScriptCore+Extensions.swift in Sources */,
				E1C2A3B4D5F60718293A4B5E /* EpisodeImportCandidate.swift in Sources */,
				F1C2A3B4D5F60718293A4B5E /* EpisodeImportUI.swift in Sources */,
                5FB9970930229D05437710EC /* LunaCompat.swift in Sources */,
                9749FCDEB57240EABD536F98 /* RootView.swift in Sources */,
                D4E5F60718293A4B5C6D7E8F /* NavigationShell.swift in Sources */,
                57D7D511708747C286FA1D14 /* AniListModels.swift in Sources */,
                0AD981C75D824CAB83424331 /* SoraModels.swift in Sources */,
                E5F60718293A4B5C6D7E8F90 /* MediaItem.swift in Sources */,
                C6D7E8F901A2B3C4D5E6F708 /* MediaTracker.swift in Sources */,
                2523BB6A1CCC401CB2F04C4E /* AniListAuthService.swift in Sources */,
                7D6DD7FBD32C414EA5ABECFF /* AniListClient.swift in Sources */,
                8D7E6C5B4A392817F0E1D2C3 /* AniZipClient.swift in Sources */,
				F6F0D325A00A4D118C02EB86 /* AppServices.swift in Sources */,
				EE7CFB650A594B10AA0A5669 /* CacheService.swift in Sources */,
				A4AF9E8E377842D7A316D80A /* CacheStore.swift in Sources */,
				7C2A0A1E5B7D4F16B3A9C1E7 /* NetworkMonitor.swift in Sources */,
				B1C2D3E4F5061728394A5B6D /* NetworkRetry.swift in Sources */,
				314C57A12C82496CA605168E /* DownloadManager.swift in Sources */,
				B6D7E8F9A0B1C2D3E4F50617 /* PlaybackService.swift in Sources */,
                E8F901A2B3C4D5E6F708192A /* PlaybackEngine.swift in Sources */,
                01A2B3C4D5E6F708192A3B4C /* OfflineManager.swift in Sources */,
                12B3C4D5E6F708192A3B4C5D /* MetadataService.swift in Sources */,
                B3C4D5E6F708192A3B4C5D6F /* TMDBMatchingService.swift in Sources */,
                A9B8C7D6E5F40123456789AB /* TMDBOverrideStore.swift in Sources */,
                D4D5E6F708192A3B4C5D6E7F /* TitleSanitizer.swift in Sources */,
                F4D5E6F708192A3B4C5D6E7F /* MetadataCacheManager.swift in Sources */,
                AC09AF4D919E41E280CE52B0 /* EpisodeService.swift in Sources */,
                0CE0DC714378445E8D425F8B /* KeychainService.swift in Sources */,
                8A78EA4EE58E445BB261744F /* Logging.swift in Sources */,
                0C7F8F4657434D42BFD5C9F9 /* LogStore.swift in Sources */,
                384BD60D36CD438DA60949D8 /* PlaybackHistoryStore.swift in Sources */,
                A1F2B3C4D5E6F708192A3B4C /* MatchStore.swift in Sources */,
                B54EC35066044FC8816A781C /* SoraRuntime.swift in Sources */,
                477FAB90D847485C96851E09 /* TitleMatcher.swift in Sources */,
                970DFB54D0CF444BAAF3D99B /* TrackingSyncService.swift in Sources */,
                0C02BEE9ADE54332A9D8F2DF /* AppState.swift in Sources */,
                C4101F54869D49D8A0B4A425 /* AuthState.swift in Sources */,
				7CF625CC580C4B3886797010 /* SettingsState.swift in Sources */,
                B8E1D2C3B4A5061728394C5D /* AppDependencyContainer.swift in Sources */,
				AF1B2C3D4E5F60718293A4B5 /* BrowseState.swift in Sources */,
				69950056E20B4D91A5990BD6 /* Glass.swift in Sources */,
				3A4B5C6D7E8F901A2B3C4D5E /* SampleBufferDisplayView.swift in Sources */,
				8B7A6C5D4E3F2A1B0C9D8E7F /* PiPController.swift in Sources */,
				9F9199A4F02B4E5092C147DB /* RatingBadge.swift in Sources */,
                66B4F54F865245C8B0391307 /* Theme.swift in Sources */,
                23C4D5E6F708192A3B4C5D6E /* HeroHeader.swift in Sources */,
                34D5E6F708192A3B4C5D6E7F /* Chips.swift in Sources */,
                45E6F708192A3B4C5D6E7F80 /* MediaCards.swift in Sources */,
                77A1B2C3D4E5F60718293A4B /* PlatformSupport.swift in Sources */,
                B8F1C2D3E4F5061728394B5C /* UIConstants.swift in Sources */,
                67D14034D0CE4A10A7EE55F4 /* AlertsView.swift in Sources */,
                F08F4932645347648FEC250D /* DetailsView.swift in Sources */,
                
				5E9A1C2D3F4B5A6C7D8E9F01 /* BrowseView.swift in Sources */,
				8F7E6D5C4B3A291807F6E5D4 /* DiscoveryView.swift in Sources */,
                F60718293A4B5C6D7E8F901A /* SearchView.swift in Sources */,
                11ECF2BA28E64FC48511905D /* DownloadsView.swift in Sources */,
                510D0F686D3B4D9D975CC4B8 /* LibraryView.swift in Sources */,
                BCFACE101D36497780C276D3 /* LogsView.swift in Sources */,
                C6372A0E92E24F3A9427C2A4 /* PlayerView.swift in Sources */,
                A1B2C3D4E5F60718293A4B6E /* MPVPlayerView.swift in Sources */,
                E1A2B3C4D5E6F708192A3B4D /* KSPlayerView.swift in Sources */,
                92401A9DC859426A8AF69DF2 /* SettingsView.swift in Sources */,
                F3F3C1E6A0A94E34A29B1DEB /* UnwatchedBadge.swift in Sources */,
                BD14A6AD0AE24C59ADB229A3 /* KyomiruApp.swift in Sources */,
                B9A3232611B34F8F9A1DD350 /* ContentView.swift in Sources */,
            );
            runOnlyForDeploymentPostprocessing = 0;
        };
/* End PBXSourcesBuildPhase section */

/* Begin XCRemoteSwiftPackageReference section */
		A2D7F5B1C4A84D9E8F1B2C3D /* Kingfisher */ = {
			isa = XCRemoteSwiftPackageReference;
			repositoryURL = "https://github.com/onevcat/Kingfisher.git";
			requirement = {
				kind = upToNextMajorVersion;
				minimumVersion = 7.0.0;
			};
		};
		C1D2E3F4A5B6478899A0B1C2 /* MPVKit */ = {
			isa = XCRemoteSwiftPackageReference;
			repositoryURL = "https://github.com/mpvkit/MPVKit.git";
			requirement = {
				kind = upToNextMajorVersion;
				minimumVersion = 1.0.0;
			};
		};
/* End XCRemoteSwiftPackageReference section */

/* Begin XCSwiftPackageProductDependency section */
		B3E8C6D4F1A24B7C9E0F1A2B /* Kingfisher */ = {
			isa = XCSwiftPackageProductDependency;
			package = A2D7F5B1C4A84D9E8F1B2C3D /* Kingfisher */;
			productName = Kingfisher;
		};
		D1E2F3A4B5C6478899A0B1C2 /* MPVKit */ = {
			isa = XCSwiftPackageProductDependency;
			package = C1D2E3F4A5B6478899A0B1C2 /* MPVKit */;
			productName = MPVKit;
		};
/* End XCSwiftPackageProductDependency section */

/* Begin XCLocalSwiftPackageReference section */
/* End XCLocalSwiftPackageReference section */

/* Begin XCBuildConfiguration section */
        9352DCBE24924B6D87856072 /* Debug */ = {
            isa = XCBuildConfiguration;
            buildSettings = {
                PRODUCT_BUNDLE_IDENTIFIER = com.samysamy.kyomiru;
                PRODUCT_NAME = Kyomiru;
                ASSETCATALOG_COMPILER_APPICON_NAME = AppIcon;
                INFOPLIST_FILE = Resources/Info.plist;
                IPHONEOS_DEPLOYMENT_TARGET = 17.0;
                SWIFT_VERSION = 5.0;
                TARGETED_DEVICE_FAMILY = "1,2";
                SUPPORTED_PLATFORMS = "macosx iphoneos iphonesimulator";
                SDKROOT = iphoneos;
				SUPPORTS_MACCATALYST = YES;
                LD_RUNPATH_SEARCH_PATHS = "$(inherited) @executable_path/Frameworks";
                CODE_SIGNING_ALLOWED = NO;
                CODE_SIGNING_REQUIRED = NO;
            };
            name = Debug;
        };
        D9A5E64ED3734BF79E8E5B06 /* Release */ = {
            isa = XCBuildConfiguration;
            buildSettings = {
                PRODUCT_BUNDLE_IDENTIFIER = com.samysamy.kyomiru;
                PRODUCT_NAME = Kyomiru;
                ASSETCATALOG_COMPILER_APPICON_NAME = AppIcon;
                INFOPLIST_FILE = Resources/Info.plist;
                IPHONEOS_DEPLOYMENT_TARGET = 17.0;
                SWIFT_VERSION = 5.0;
                TARGETED_DEVICE_FAMILY = "1,2";
                SUPPORTED_PLATFORMS = "macosx iphoneos iphonesimulator";
                SDKROOT = iphoneos;
				SUPPORTS_MACCATALYST = YES;
                LD_RUNPATH_SEARCH_PATHS = "$(inherited) @executable_path/Frameworks";
                CODE_SIGNING_ALLOWED = NO;
                CODE_SIGNING_REQUIRED = NO;
                SWIFT_OPTIMIZATION_LEVEL = "-O";
            };
            name = Release;
        };
        F3E6902E8C954BFB8E9365F6 /* Debug */ = {
            isa = XCBuildConfiguration;
            buildSettings = {
                CODE_SIGNING_ALLOWED = NO;
                CODE_SIGNING_REQUIRED = NO;
                IPHONEOS_DEPLOYMENT_TARGET = 17.0;
                SUPPORTED_PLATFORMS = "macosx iphoneos iphonesimulator";
                SDKROOT = iphoneos;
				SUPPORTS_MACCATALYST = YES;
                LD_RUNPATH_SEARCH_PATHS = "$(inherited) @executable_path/Frameworks";
                TARGETED_DEVICE_FAMILY = "1,2";
            };
            name = Debug;
        };
        F5BA1041123F4C5DA0DE1B6F /* Release */ = {
            isa = XCBuildConfiguration;
            buildSettings = {
                CODE_SIGNING_ALLOWED = NO;
                CODE_SIGNING_REQUIRED = NO;
                IPHONEOS_DEPLOYMENT_TARGET = 17.0;
                SUPPORTED_PLATFORMS = "macosx iphoneos iphonesimulator";
                SDKROOT = iphoneos;
				SUPPORTS_MACCATALYST = YES;
                LD_RUNPATH_SEARCH_PATHS = "$(inherited) @executable_path/Frameworks";
                TARGETED_DEVICE_FAMILY = "1,2";
            };
            name = Release;
        };
/* End XCBuildConfiguration section */

/* Begin XCConfigurationList section */
        9BFF57C27A1648AF833FAB38 /* Build configuration list for PBXNativeTarget "Kyomiru" */ = {
            isa = XCConfigurationList;
            buildConfigurations = (
                9352DCBE24924B6D87856072 /* Debug */,
                D9A5E64ED3734BF79E8E5B06 /* Release */,
            );
            defaultConfigurationIsVisible = 0;
            defaultConfigurationName = Release;
        };
        42F12BAB28224C8EAC562FCD /* Build configuration list for PBXProject "Kyomiru" */ = {
            isa = XCConfigurationList;
            buildConfigurations = (
                F3E6902E8C954BFB8E9365F6 /* Debug */,
                F5BA1041123F4C5DA0DE1B6F /* Release */,
            );
            defaultConfigurationIsVisible = 0;
            defaultConfigurationName = Release;
        };
/* End XCConfigurationList section */
    };
    rootObject = E8295A472FC94C02B98D39A2 /* Project object */;
}



